{
  "name": "MoneyWiseJL",
  "lockfileVersion": 2,
  "requires": true,
  "packages": {
    "": {
      "dependencies": {
        "@nativescript/firebase-core": "^3.2.0"
      }
    },
    "node_modules/@nativescript/firebase-core": {
      "version": "3.2.0",
      "resolved": "https://registry.npmjs.org/@nativescript/firebase-core/-/firebase-core-3.2.0.tgz",
      "integrity": "sha512-dLGbXy3M7uazu0jGDx4x64OuNSent3TvBDTcFuaB0D55wN2Swlg0xxe3ILQ+eOZSiAIHJKPIA3i399xdP3Cmxg=="
    }
  },
  "dependencies": {
    "@nativescript/firebase-core": {
      "version": "3.2.0",
      "resolved": "https://registry.npmjs.org/@nativescript/firebase-core/-/firebase-core-3.2.0.tgz",
      "integrity": "sha512-dLGbXy3M7uazu0jGDx4x64OuNSent3TvBDTcFuaB0D55wN2Swlg0xxe3ILQ+eOZSiAIHJKPIA3i399xdP3Cmxg=="
    }
  }
}
